
Microsoft Visual Studio Solution File, Format Version 12.00
# Visual Studio Version 17
VisualStudioVersion = 17.10.35004.147
MinimumVisualStudioVersion = 10.0.40219.1
Project("{FAE04EC0-301F-11D3-BF4B-00C04F79EFBC}") = "NDP_Township_GAME", "NDP_Township_GAME.csproj", "{D240F47C-3E39-4FDD-AB6A-A5B98B648666}"
EndProject
Global
	GlobalSection(SolutionConfigurationPlatforms) = preSolution
		Debug|Any CPU = Debug|Any CPU
		Release|Any CPU = Release|Any CPU
	EndGlobalSection
	GlobalSection(ProjectConfigurationPlatforms) = postSolution
		{D240F47C-3E39-4FDD-AB6A-A5B98B648666}.Debug|Any CPU.ActiveCfg = Debug|Any CPU
		{D240F47C-3E39-4FDD-AB6A-A5B98B648666}.Debug|Any CPU.Build.0 = Debug|Any CPU
		{D240F47C-3E39-4FDD-AB6A-A5B98B648666}.Release|Any CPU.ActiveCfg = Release|Any CPU
		{D240F47C-3E39-4FDD-AB6A-A5B98B648666}.Release|Any CPU.Build.0 = Release|Any CPU
	EndGlobalSection
	GlobalSection(SolutionProperties) = preSolution
		HideSolutionNode = FALSE
	EndGlobalSection
	GlobalSection(ExtensibilityGlobals) = postSolution
		SolutionGuid = {AE32D44A-647B-409E-BA5B-6D7E945571C8}
	EndGlobalSection
EndGlobal
